// !$*UTF8*$!
{
	archiveVersion = 1;
	classes = {
	};
	objectVersion = 46;
	objects = {

/* Begin PBXBuildFile section */
		C20161ED1DD5179C00C25BED /* AppDelegate.swift in Sources */ = {isa = PBXBuildFile; fileRef = C20161EC1DD5179C00C25BED /* AppDelegate.swift */; };
		C20161EF1DD5179C00C25BED /* ViewController.swift in Sources */ = {isa = PBXBuildFile; fileRef = C20161EE1DD5179C00C25BED /* ViewController.swift */; };
		C20161F21DD5179C00C25BED /* Main.storyboard in Resources */ = {isa = PBXBuildFile; fileRef = C20161F01DD5179C00C25BED /* Main.storyboard */; };
		C20161F51DD5179C00C25BED /* DesignPatterns.xcdatamodeld in Sources */ = {isa = PBXBuildFile; fileRef = C20161F31DD5179C00C25BED /* DesignPatterns.xcdatamodeld */; };
		C20161F71DD5179C00C25BED /* Assets.xcassets in Resources */ = {isa = PBXBuildFile; fileRef = C20161F61DD5179C00C25BED /* Assets.xcassets */; };
		C20161FA1DD5179C00C25BED /* LaunchScreen.storyboard in Resources */ = {isa = PBXBuildFile; fileRef = C20161F81DD5179C00C25BED /* LaunchScreen.storyboard */; };
		C20162051DD5179C00C25BED /* DesignPatternsTests.swift in Sources */ = {isa = PBXBuildFile; fileRef = C20162041DD5179C00C25BED /* DesignPatternsTests.swift */; };
		C20162101DD5179C00C25BED /* DesignPatternsUITests.swift in Sources */ = {isa = PBXBuildFile; fileRef = C201620F1DD5179C00C25BED /* DesignPatternsUITests.swift */; };
		C201621F1DD51F8200C25BED /* HTTPClient.swift in Sources */ = {isa = PBXBuildFile; fileRef = C201621E1DD51F8200C25BED /* HTTPClient.swift */; };
		C20162211DD597B400C25BED /* Album.swift in Sources */ = {isa = PBXBuildFile; fileRef = C20162201DD597B400C25BED /* Album.swift */; };
		C20162231DD59BCE00C25BED /* AlbumView.swift in Sources */ = {isa = PBXBuildFile; fileRef = C20162221DD59BCE00C25BED /* AlbumView.swift */; };
/* End PBXBuildFile section */

/* Begin PBXContainerItemProxy section */
		C20162011DD5179C00C25BED /* PBXContainerItemProxy */ = {
			isa = PBXContainerItemProxy;
			containerPortal = C20161E11DD5179C00C25BED /* Project object */;
			proxyType = 1;
			remoteGlobalIDString = C20161E81DD5179C00C25BED;
			remoteInfo = DesignPatterns;
		};
		C201620C1DD5179C00C25BED /* PBXContainerItemProxy */ = {
			isa = PBXContainerItemProxy;
			containerPortal = C20161E11DD5179C00C25BED /* Project object */;
			proxyType = 1;
			remoteGlobalIDString = C20161E81DD5179C00C25BED;
			remoteInfo = DesignPatterns;
		};
/* End PBXContainerItemProxy section */

/* Begin PBXFileReference section */
		C20161E91DD5179C00C25BED /* DesignPatterns.app */ = {isa = PBXFileReference; explicitFileType = wrapper.application; includeInIndex = 0; path = DesignPatterns.app; sourceTree = BUILT_PRODUCTS_DIR; };
		C20161EC1DD5179C00C25BED /* AppDelegate.swift */ = {isa = PBXFileReference; lastKnownFileType = sourcecode.swift; path = AppDelegate.swift; sourceTree = "<group>"; };
		C20161EE1DD5179C00C25BED /* ViewController.swift */ = {isa = PBXFileReference; lastKnownFileType = sourcecode.swift; path = ViewController.swift; sourceTree = "<group>"; };
		C20161F11DD5179C00C25BED /* Base */ = {isa = PBXFileReference; lastKnownFileType = file.storyboard; name = Base; path = Base.lproj/Main.storyboard; sourceTree = "<group>"; };
		C20161F41DD5179C00C25BED /* DesignPatterns.xcdatamodel */ = {isa = PBXFileReference; lastKnownFileType = wrapper.xcdatamodel; path = DesignPatterns.xcdatamodel; sourceTree = "<group>"; };
		C20161F61DD5179C00C25BED /* Assets.xcassets */ = {isa = PBXFileReference; lastKnownFileType = folder.assetcatalog; path = Assets.xcassets; sourceTree = "<group>"; };
		C20161F91DD5179C00C25BED /* Base */ = {isa = PBXFileReference; lastKnownFileType = file.storyboard; name = Base; path = Base.lproj/LaunchScreen.storyboard; sourceTree = "<group>"; };
		C20161FB1DD5179C00C25BED /* Info.plist */ = {isa = PBXFileReference; lastKnownFileType = text.plist.xml; path = Info.plist; sourceTree = "<group>"; };
		C20162001DD5179C00C25BED /* DesignPatternsTests.xctest */ = {isa = PBXFileReference; explicitFileType = wrapper.cfbundle; includeInIndex = 0; path = DesignPatternsTests.xctest; sourceTree = BUILT_PRODUCTS_DIR; };
		C20162041DD5179C00C25BED /* DesignPatternsTests.swift */ = {isa = PBXFileReference; lastKnownFileType = sourcecode.swift; path = DesignPatternsTests.swift; sourceTree = "<group>"; };
		C20162061DD5179C00C25BED /* Info.plist */ = {isa = PBXFileReference; lastKnownFileType = text.plist.xml; path = Info.plist; sourceTree = "<group>"; };
		C201620B1DD5179C00C25BED /* DesignPatternsUITests.xctest */ = {isa = PBXFileReference; explicitFileType = wrapper.cfbundle; includeInIndex = 0; path = DesignPatternsUITests.xctest; sourceTree = BUILT_PRODUCTS_DIR; };
		C201620F1DD5179C00C25BED /* DesignPatternsUITests.swift */ = {isa = PBXFileReference; lastKnownFileType = sourcecode.swift; path = DesignPatternsUITests.swift; sourceTree = "<group>"; };
		C20162111DD5179C00C25BED /* Info.plist */ = {isa = PBXFileReference; lastKnownFileType = text.plist.xml; path = Info.plist; sourceTree = "<group>"; };
		C201621E1DD51F8200C25BED /* HTTPClient.swift */ = {isa = PBXFileReference; fileEncoding = 4; lastKnownFileType = sourcecode.swift; path = HTTPClient.swift; sourceTree = "<group>"; };
		C20162201DD597B400C25BED /* Album.swift */ = {isa = PBXFileReference; fileEncoding = 4; lastKnownFileType = sourcecode.swift; path = Album.swift; sourceTree = "<group>"; };
		C20162221DD59BCE00C25BED /* AlbumView.swift */ = {isa = PBXFileReference; fileEncoding = 4; lastKnownFileType = sourcecode.swift; name = AlbumView.swift; path = ../AlbumView.swift; sourceTree = "<group>"; };
/* End PBXFileReference section */

/* Begin PBXFrameworksBuildPhase section */
		C20161E61DD5179C00C25BED /* Frameworks */ = {
			isa = PBXFrameworksBuildPhase;
			buildActionMask = 2147483647;
			files = (
			);
			runOnlyForDeploymentPostprocessing = 0;
		};
		C20161FD1DD5179C00C25BED /* Frameworks */ = {
			isa = PBXFrameworksBuildPhase;
			buildActionMask = 2147483647;
			files = (
			);
			runOnlyForDeploymentPostprocessing = 0;
		};
		C20162081DD5179C00C25BED /* Frameworks */ = {
			isa = PBXFrameworksBuildPhase;
			buildActionMask = 2147483647;
			files = (
			);
			runOnlyForDeploymentPostprocessing = 0;
		};
/* End PBXFrameworksBuildPhase section */

/* Begin PBXGroup section */
		C20161E01DD5179C00C25BED = {
			isa = PBXGroup;
			children = (
				C20161EB1DD5179C00C25BED /* DesignPatterns */,
				C20162031DD5179C00C25BED /* DesignPatternsTests */,
				C201620E1DD5179C00C25BED /* DesignPatternsUITests */,
				C20161EA1DD5179C00C25BED /* Products */,
			);
			sourceTree = "<group>";
		};
		C20161EA1DD5179C00C25BED /* Products */ = {
			isa = PBXGroup;
			children = (
				C20161E91DD5179C00C25BED /* DesignPatterns.app */,
				C20162001DD5179C00C25BED /* DesignPatternsTests.xctest */,
				C201620B1DD5179C00C25BED /* DesignPatternsUITests.xctest */,
			);
			name = Products;
			sourceTree = "<group>";
		};
		C20161EB1DD5179C00C25BED /* DesignPatterns */ = {
			isa = PBXGroup;
			children = (
				C201621D1DD51F7900C25BED /* API */,
				C20162241DD5A27000C25BED /* Modal */,
				C20162251DD5A27600C25BED /* View */,
				C20162261DD5A28800C25BED /* Controller */,
				C20161EC1DD5179C00C25BED /* AppDelegate.swift */,
				C20161F01DD5179C00C25BED /* Main.storyboard */,
				C20161F61DD5179C00C25BED /* Assets.xcassets */,
				C20161F81DD5179C00C25BED /* LaunchScreen.storyboard */,
				C20161FB1DD5179C00C25BED /* Info.plist */,
				C20161F31DD5179C00C25BED /* DesignPatterns.xcdatamodeld */,
			);
			path = DesignPatterns;
			sourceTree = "<group>";
		};
		C20162031DD5179C00C25BED /* DesignPatternsTests */ = {
			isa = PBXGroup;
			children = (
				C20162041DD5179C00C25BED /* DesignPatternsTests.swift */,
				C20162061DD5179C00C25BED /* Info.plist */,
			);
			path = DesignPatternsTests;
			sourceTree = "<group>";
		};
		C201620E1DD5179C00C25BED /* DesignPatternsUITests */ = {
			isa = PBXGroup;
			children = (
				C201620F1DD5179C00C25BED /* DesignPatternsUITests.swift */,
				C20162111DD5179C00C25BED /* Info.plist */,
			);
			path = DesignPatternsUITests;
			sourceTree = "<group>";
		};
		C201621D1DD51F7900C25BED /* API */ = {
			isa = PBXGroup;
			children = (
				C201621E1DD51F8200C25BED /* HTTPClient.swift */,
			);
			name = API;
			sourceTree = "<group>";
		};
		C20162241DD5A27000C25BED /* Modal */ = {
			isa = PBXGroup;
			children = (
				C20162201DD597B400C25BED /* Album.swift */,
			);
			name = Modal;
			sourceTree = "<group>";
		};
		C20162251DD5A27600C25BED /* View */ = {
			isa = PBXGroup;
			children = (
				C20162221DD59BCE00C25BED /* AlbumView.swift */,
			);
			name = View;
			sourceTree = "<group>";
		};
		C20162261DD5A28800C25BED /* Controller */ = {
			isa = PBXGroup;
			children = (
				C20161EE1DD5179C00C25BED /* ViewController.swift */,
			);
			name = Controller;
			sourceTree = "<group>";
		};
/* End PBXGroup section */

/* Begin PBXNativeTarget section */
		C20161E81DD5179C00C25BED /* DesignPatterns */ = {
			isa = PBXNativeTarget;
			buildConfigurationList = C20162141DD5179C00C25BED /* Build configuration list for PBXNativeTarget "DesignPatterns" */;
			buildPhases = (
				C20161E51DD5179C00C25BED /* Sources */,
				C20161E61DD5179C00C25BED /* Frameworks */,
				C20161E71DD5179C00C25BED /* Resources */,
			);
			buildRules = (
			);
			dependencies = (
			);
			name = DesignPatterns;
			productName = DesignPatterns;
			productReference = C20161E91DD5179C00C25BED /* DesignPatterns.app */;
			productType = "com.apple.product-type.application";
		};
		C20161FF1DD5179C00C25BED /* DesignPatternsTests */ = {
			isa = PBXNativeTarget;
			buildConfigurationList = C20162171DD5179C00C25BED /* Build configuration list for PBXNativeTarget "DesignPatternsTests" */;
			buildPhases = (
				C20161FC1DD5179C00C25BED /* Sources */,
				C20161FD1DD5179C00C25BED /* Frameworks */,
				C20161FE1DD5179C00C25BED /* Resources */,
			);
			buildRules = (
			);
			dependencies = (
				C20162021DD5179C00C25BED /* PBXTargetDependency */,
			);
			name = DesignPatternsTests;
			productName = DesignPatternsTests;
			productReference = C20162001DD5179C00C25BED /* DesignPatternsTests.xctest */;
			productType = "com.apple.product-type.bundle.unit-test";
		};
		C201620A1DD5179C00C25BED /* DesignPatternsUITests */ = {
			isa = PBXNativeTarget;
			buildConfigurationList = C201621A1DD5179C00C25BED /* Build configuration list for PBXNativeTarget "DesignPatternsUITests" */;
			buildPhases = (
				C20162071DD5179C00C25BED /* Sources */,
				C20162081DD5179C00C25BED /* Frameworks */,
				C20162091DD5179C00C25BED /* Resources */,
			);
			buildRules = (
			);
			dependencies = (
				C201620D1DD5179C00C25BED /* PBXTargetDependency */,
			);
			name = DesignPatternsUITests;
			productName = DesignPatternsUITests;
			productReference = C201620B1DD5179C00C25BED /* DesignPatternsUITests.xctest */;
			productType = "com.apple.product-type.bundle.ui-testing";
		};
/* End PBXNativeTarget section */

/* Begin PBXProject section */
		C20161E11DD5179C00C25BED /* Project object */ = {
			isa = PBXProject;
			attributes = {
				LastSwiftUpdateCheck = 0810;
				LastUpgradeCheck = 0810;
				ORGANIZATIONNAME = "AR-T.com, Inc.";
				TargetAttributes = {
					C20161E81DD5179C00C25BED = {
						CreatedOnToolsVersion = 8.1;
						DevelopmentTeam = FYX37TYYH9;
						ProvisioningStyle = Automatic;
					};
					C20161FF1DD5179C00C25BED = {
						CreatedOnToolsVersion = 8.1;
						ProvisioningStyle = Automatic;
						TestTargetID = C20161E81DD5179C00C25BED;
					};
					C201620A1DD5179C00C25BED = {
						CreatedOnToolsVersion = 8.1;
						ProvisioningStyle = Automatic;
						TestTargetID = C20161E81DD5179C00C25BED;
					};
				};
			};
			buildConfigurationList = C20161E41DD5179C00C25BED /* Build configuration list for PBXProject "DesignPatterns" */;
			compatibilityVersion = "Xcode 3.2";
			developmentRegion = English;
			hasScannedForEncodings = 0;
			knownRegions = (
				en,
				Base,
			);
			mainGroup = C20161E01DD5179C00C25BED;
			productRefGroup = C20161EA1DD5179C00C25BED /* Products */;
			projectDirPath = "";
			projectRoot = "";
			targets = (
				C20161E81DD5179C00C25BED /* DesignPatterns */,
				C20161FF1DD5179C00C25BED /* DesignPatternsTests */,
				C201620A1DD5179C00C25BED /* DesignPatternsUITests */,
			);
		};
/* End PBXProject section */

/* Begin PBXResourcesBuildPhase section */
		C20161E71DD5179C00C25BED /* Resources */ = {
			isa = PBXResourcesBuildPhase;
			buildActionMask = 2147483647;
			files = (
				C20161FA1DD5179C00C25BED /* LaunchScreen.storyboard in Resources */,
				C20161F71DD5179C00C25BED /* Assets.xcassets in Resources */,
				C20161F21DD5179C00C25BED /* Main.storyboard in Resources */,
			);
			runOnlyForDeploymentPostprocessing = 0;
		};
		C20161FE1DD5179C00C25BED /* Resources */ = {
			isa = PBXResourcesBuildPhase;
			buildActionMask = 2147483647;
			files = (
			);
			runOnlyForDeploymentPostprocessing = 0;
		};
		C20162091DD5179C00C25BED /* Resources */ = {
			isa = PBXResourcesBuildPhase;
			buildActionMask = 2147483647;
			files = (
			);
			runOnlyForDeploymentPostprocessing = 0;
		};
/* End PBXResourcesBuildPhase section */

/* Begin PBXSourcesBuildPhase section */
		C20161E51DD5179C00C25BED /* Sources */ = {
			isa = PBXSourcesBuildPhase;
			buildActionMask = 2147483647;
			files = (
				C20162231DD59BCE00C25BED /* AlbumView.swift in Sources */,
				C20161EF1DD5179C00C25BED /* ViewController.swift in Sources */,
				C20161F51DD5179C00C25BED /* DesignPatterns.xcdatamodeld in Sources */,
				C201621F1DD51F8200C25BED /* HTTPClient.swift in Sources */,
				C20161ED1DD5179C00C25BED /* AppDelegate.swift in Sources */,
				C20162211DD597B400C25BED /* Album.swift in Sources */,
			);
			runOnlyForDeploymentPostprocessing = 0;
		};
		C20161FC1DD5179C00C25BED /* Sources */ = {
			isa = PBXSourcesBuildPhase;
			buildActionMask = 2147483647;
			files = (
				C20162051DD5179C00C25BED /* DesignPatternsTests.swift in Sources */,
			);
			runOnlyForDeploymentPostprocessing = 0;
		};
		C20162071DD5179C00C25BED /* Sources */ = {
			isa = PBXSourcesBuildPhase;
			buildActionMask = 2147483647;
			files = (
				C20162101DD5179C00C25BED /* DesignPatternsUITests.swift in Sources */,
			);
			runOnlyForDeploymentPostprocessing = 0;
		};
/* End PBXSourcesBuildPhase section */

/* Begin PBXTargetDependency section */
		C20162021DD5179C00C25BED /* PBXTargetDependency */ = {
			isa = PBXTargetDependency;
			target = C20161E81DD5179C00C25BED /* DesignPatterns */;
			targetProxy = C20162011DD5179C00C25BED /* PBXContainerItemProxy */;
		};
		C201620D1DD5179C00C25BED /* PBXTargetDependency */ = {
			isa = PBXTargetDependency;
			target = C20161E81DD5179C00C25BED /* DesignPatterns */;
			targetProxy = C201620C1DD5179C00C25BED /* PBXContainerItemProxy */;
		};
/* End PBXTargetDependency section */

/* Begin PBXVariantGroup section */
		C20161F01DD5179C00C25BED /* Main.storyboard */ = {
			isa = PBXVariantGroup;
			children = (
				C20161F11DD5179C00C25BED /* Base */,
			);
			name = Main.storyboard;
			sourceTree = "<group>";
		};
		C20161F81DD5179C00C25BED /* LaunchScreen.storyboard */ = {
			isa = PBXVariantGroup;
			children = (
				C20161F91DD5179C00C25BED /* Base */,
			);
			name = LaunchScreen.storyboard;
			sourceTree = "<group>";
		};
/* End PBXVariantGroup section */

/* Begin XCBuildConfiguration section */
		C20162121DD5179C00C25BED /* Debug */ = {
			isa = XCBuildConfiguration;
			buildSettings = {
				ALWAYS_SEARCH_USER_PATHS = NO;
				CLANG_ANALYZER_NONNULL = YES;
				CLANG_CXX_LANGUAGE_STANDARD = "gnu++0x";
				CLANG_CXX_LIBRARY = "libc++";
				CLANG_ENABLE_MODULES = YES;
				CLANG_ENABLE_OBJC_ARC = YES;
				CLANG_WARN_BOOL_CONVERSION = YES;
				CLANG_WARN_CONSTANT_CONVERSION = YES;
				CLANG_WARN_DIRECT_OBJC_ISA_USAGE = YES_ERROR;
				CLANG_WARN_DOCUMENTATION_COMMENTS = YES;
				CLANG_WARN_EMPTY_BODY = YES;
				CLANG_WARN_ENUM_CONVERSION = YES;
				CLANG_WARN_INFINITE_RECURSION = YES;
				CLANG_WARN_INT_CONVERSION = YES;
				CLANG_WARN_OBJC_ROOT_CLASS = YES_ERROR;
				CLANG_WARN_SUSPICIOUS_MOVES = YES;
				CLANG_WARN_UNREACHABLE_CODE = YES;
				CLANG_WARN__DUPLICATE_METHOD_MATCH = YES;
				"CODE_SIGN_IDENTITY[sdk=iphoneos*]" = "iPhone Developer";
				COPY_PHASE_STRIP = NO;
				DEBUG_INFORMATION_FORMAT = dwarf;
				ENABLE_STRICT_OBJC_MSGSEND = YES;
				ENABLE_TESTABILITY = YES;
				GCC_C_LANGUAGE_STANDARD = gnu99;
				GCC_DYNAMIC_NO_PIC = NO;
				GCC_NO_COMMON_BLOCKS = YES;
				GCC_OPTIMIZATION_LEVEL = 0;
				GCC_PREPROCESSOR_DEFINITIONS = (
					"DEBUG=1",
					"$(inherited)",
				);
				GCC_WARN_64_TO_32_BIT_CONVERSION = YES;
				GCC_WARN_ABOUT_RETURN_TYPE = YES_ERROR;
				GCC_WARN_UNDECLARED_SELECTOR = YES;
				GCC_WARN_UNINITIALIZED_AUTOS = YES_AGGRESSIVE;
				GCC_WARN_UNUSED_FUNCTION = YES;
				GCC_WARN_UNUSED_VARIABLE = YES;
				IPHONEOS_DEPLOYMENT_TARGET = 10.1;
				MTL_ENABLE_DEBUG_INFO = YES;
				ONLY_ACTIVE_ARCH = YES;
				SDKROOT = iphoneos;
				SWIFT_ACTIVE_COMPILATION_CONDITIONS = DEBUG;
				SWIFT_OPTIMIZATION_LEVEL = "-Onone";
			};
			name = Debug;
		};
		C20162131DD5179C00C25BED /* Release */ = {
			isa = XCBuildConfiguration;
			buildSettings = {
				ALWAYS_SEARCH_USER_PATHS = NO;
				CLANG_ANALYZER_NONNULL = YES;
				CLANG_CXX_LANGUAGE_STANDARD = "gnu++0x";
				CLANG_CXX_LIBRARY = "libc++";
				CLANG_ENABLE_MODULES = YES;
				CLANG_ENABLE_OBJC_ARC = YES;
				CLANG_WARN_BOOL_CONVERSION = YES;
				CLANG_WARN_CONSTANT_CONVERSION = YES;
				CLANG_WARN_DIRECT_OBJC_ISA_USAGE = YES_ERROR;
				CLANG_WARN_DOCUMENTATION_COMMENTS = YES;
				CLANG_WARN_EMPTY_BODY = YES;
				CLANG_WARN_ENUM_CONVERSION = YES;
				CLANG_WARN_INFINITE_RECURSION = YES;
				CLANG_WARN_INT_CONVERSION = YES;
				CLANG_WARN_OBJC_ROOT_CLASS = YES_ERROR;
				CLANG_WARN_SUSPICIOUS_MOVES = YES;
				CLANG_WARN_UNREACHABLE_CODE = YES;
				CLANG_WARN__DUPLICATE_METHOD_MATCH = YES;
				"CODE_SIGN_IDENTITY[sdk=iphoneos*]" = "iPhone Developer";
				COPY_PHASE_STRIP = NO;
				DEBUG_INFORMATION_FORMAT = "dwarf-with-dsym";
				ENABLE_NS_ASSERTIONS = NO;
				ENABLE_STRICT_OBJC_MSGSEND = YES;
				GCC_C_LANGUAGE_STANDARD = gnu99;
				GCC_NO_COMMON_BLOCKS = YES;
				GCC_WARN_64_TO_32_BIT_CONVERSION = YES;
				GCC_WARN_ABOUT_RETURN_TYPE = YES_ERROR;
				GCC_WARN_UNDECLARED_SELECTOR = YES;
				GCC_WARN_UNINITIALIZED_AUTOS = YES_AGGRESSIVE;
				GCC_WARN_UNUSED_FUNCTION = YES;
				GCC_WARN_UNUSED_VARIABLE = YES;
				IPHONEOS_DEPLOYMENT_TARGET = 10.1;
				MTL_ENABLE_DEBUG_INFO = NO;
				SDKROOT = iphoneos;
				SWIFT_OPTIMIZATION_LEVEL = "-Owholemodule";
				VALIDATE_PRODUCT = YES;
			};
			name = Release;
		};
		C20162151DD5179C00C25BED /* Debug */ = {
			isa = XCBuildConfiguration;
			buildSettings = {
				ASSETCATALOG_COMPILER_APPICON_NAME = AppIcon;
				DEVELOPMENT_TEAM = FYX37TYYH9;
				INFOPLIST_FILE = DesignPatterns/Info.plist;
				LD_RUNPATH_SEARCH_PATHS = "$(inherited) @executable_path/Frameworks";
				PRODUCT_BUNDLE_IDENTIFIER = "com.AR-T.DesignPatterns";
				PRODUCT_NAME = "$(TARGET_NAME)";
				SWIFT_VERSION = 3.0;
			};
			name = Debug;
		};
		C20162161DD5179C00C25BED /* Release */ = {
			isa = XCBuildConfiguration;
			buildSettings = {
				ASSETCATALOG_COMPILER_APPICON_NAME = AppIcon;
				DEVELOPMENT_TEAM = FYX37TYYH9;
				INFOPLIST_FILE = DesignPatterns/Info.plist;
				LD_RUNPATH_SEARCH_PATHS = "$(inherited) @executable_path/Frameworks";
				PRODUCT_BUNDLE_IDENTIFIER = "com.AR-T.DesignPatterns";
				PRODUCT_NAME = "$(TARGET_NAME)";
				SWIFT_VERSION = 3.0;
			};
			name = Release;
		};
		C20162181DD5179C00C25BED /* Debug */ = {
			isa = XCBuildConfiguration;
			buildSettings = {
				ALWAYS_EMBED_SWIFT_STANDARD_LIBRARIES = YES;
				BUNDLE_LOADER = "$(TEST_HOST)";
				INFOPLIST_FILE = DesignPatternsTests/Info.plist;
				LD_RUNPATH_SEARCH_PATHS = "$(inherited) @executable_path/Frameworks @loader_path/Frameworks";
				PRODUCT_BUNDLE_IDENTIFIER = "com.AR-T.DesignPatternsTests";
				PRODUCT_NAME = "$(TARGET_NAME)";
				SWIFT_VERSION = 3.0;
				TEST_HOST = "$(BUILT_PRODUCTS_DIR)/DesignPatterns.app/DesignPatterns";
			};
			name = Debug;
		};
		C20162191DD5179C00C25BED /* Release */ = {
			isa = XCBuildConfiguration;
			buildSettings = {
				ALWAYS_EMBED_SWIFT_STANDARD_LIBRARIES = YES;
				BUNDLE_LOADER = "$(TEST_HOST)";
				INFOPLIST_FILE = DesignPatternsTests/Info.plist;
				LD_RUNPATH_SEARCH_PATHS = "$(inherited) @executable_path/Frameworks @loader_path/Frameworks";
				PRODUCT_BUNDLE_IDENTIFIER = "com.AR-T.DesignPatternsTests";
				PRODUCT_NAME = "$(TARGET_NAME)";
				SWIFT_VERSION = 3.0;
				TEST_HOST = "$(BUILT_PRODUCTS_DIR)/DesignPatterns.app/DesignPatterns";
			};
			name = Release;
		};
		C201621B1DD5179C00C25BED /* Debug */ = {
			isa = XCBuildConfiguration;
			buildSettings = {
				ALWAYS_EMBED_SWIFT_STANDARD_LIBRARIES = YES;
				INFOPLIST_FILE = DesignPatternsUITests/Info.plist;
				LD_RUNPATH_SEARCH_PATHS = "$(inherited) @executable_path/Frameworks @loader_path/Frameworks";
				PRODUCT_BUNDLE_IDENTIFIER = "com.AR-T.DesignPatternsUITests";
				PRODUCT_NAME = "$(TARGET_NAME)";
				SWIFT_VERSION = 3.0;
				TEST_TARGET_NAME = DesignPatterns;
			};
			name = Debug;
		};
		C201621C1DD5179C00C25BED /* Release */ = {
			isa = XCBuildConfiguration;
			buildSettings = {
				ALWAYS_EMBED_SWIFT_STANDARD_LIBRARIES = YES;
				INFOPLIST_FILE = DesignPatternsUITests/Info.plist;
				LD_RUNPATH_SEARCH_PATHS = "$(inherited) @executable_path/Frameworks @loader_path/Frameworks";
				PRODUCT_BUNDLE_IDENTIFIER = "com.AR-T.DesignPatternsUITests";
				PRODUCT_NAME = "$(TARGET_NAME)";
				SWIFT_VERSION = 3.0;
				TEST_TARGET_NAME = DesignPatterns;
			};
			name = Release;
		};
/* End XCBuildConfiguration section */

/* Begin XCConfigurationList section */
		C20161E41DD5179C00C25BED /* Build configuration list for PBXProject "DesignPatterns" */ = {
			isa = XCConfigurationList;
			buildConfigurations = (
				C20162121DD5179C00C25BED /* Debug */,
				C20162131DD5179C00C25BED /* Release */,
			);
			defaultConfigurationIsVisible = 0;
			defaultConfigurationName = Release;
		};
		C20162141DD5179C00C25BED /* Build configuration list for PBXNativeTarget "DesignPatterns" */ = {
			isa = XCConfigurationList;
			buildConfigurations = (
				C20162151DD5179C00C25BED /* Debug */,
				C20162161DD5179C00C25BED /* Release */,
			);
			defaultConfigurationIsVisible = 0;
			defaultConfigurationName = Release;
		};
		C20162171DD5179C00C25BED /* Build configuration list for PBXNativeTarget "DesignPatternsTests" */ = {
			isa = XCConfigurationList;
			buildConfigurations = (
				C20162181DD5179C00C25BED /* Debug */,
				C20162191DD5179C00C25BED /* Release */,
			);
			defaultConfigurationIsVisible = 0;
			defaultConfigurationName = Release;
		};
		C201621A1DD5179C00C25BED /* Build configuration list for PBXNativeTarget "DesignPatternsUITests" */ = {
			isa = XCConfigurationList;
			buildConfigurations = (
				C201621B1DD5179C00C25BED /* Debug */,
				C201621C1DD5179C00C25BED /* Release */,
			);
			defaultConfigurationIsVisible = 0;
			defaultConfigurationName = Release;
		};
/* End XCConfigurationList section */

/* Begin XCVersionGroup section */
		C20161F31DD5179C00C25BED /* DesignPatterns.xcdatamodeld */ = {
			isa = XCVersionGroup;
			children = (
				C20161F41DD5179C00C25BED /* DesignPatterns.xcdatamodel */,
			);
			currentVersion = C20161F41DD5179C00C25BED /* DesignPatterns.xcdatamodel */;
			path = DesignPatterns.xcdatamodeld;
			sourceTree = "<group>";
			versionGroupType = wrapper.xcdatamodel;
		};
/* End XCVersionGroup section */
	};
	rootObject = C20161E11DD5179C00C25BED /* Project object */;
}
